
Microsoft Visual Studio Solution File, Format Version 12.00
# Visual Studio Version 17
VisualStudioVersion = 17.14.36203.30 d17.14
MinimumVisualStudioVersion = 10.0.40219.1
Project("{FAE04EC0-301F-11D3-BF4B-00C04F79EFBC}") = "ContactManager", "ContactManager.csproj", "{98C6DA31-7012-4C0F-90A0-D44B3B42D4F9}"
EndProject
Global
	GlobalSection(SolutionConfigurationPlatforms) = preSolution
		Debug|Any CPU = Debug|Any CPU
		Release|Any CPU = Release|Any CPU
	EndGlobalSection
	GlobalSection(ProjectConfigurationPlatforms) = postSolution
		{98C6DA31-7012-4C0F-90A0-D44B3B42D4F9}.Debug|Any CPU.ActiveCfg = Debug|Any CPU
		{98C6DA31-7012-4C0F-90A0-D44B3B42D4F9}.Debug|Any CPU.Build.0 = Debug|Any CPU
		{98C6DA31-7012-4C0F-90A0-D44B3B42D4F9}.Release|Any CPU.ActiveCfg = Release|Any CPU
		{98C6DA31-7012-4C0F-90A0-D44B3B42D4F9}.Release|Any CPU.Build.0 = Release|Any CPU
	EndGlobalSection
	GlobalSection(SolutionProperties) = preSolution
		HideSolutionNode = FALSE
	EndGlobalSection
	GlobalSection(ExtensibilityGlobals) = postSolution
		SolutionGuid = {342D0457-B355-41A9-8494-BCB72329A1F3}
	EndGlobalSection
EndGlobal
